// !$*UTF8*$!
{
	archiveVersion = 1;
	classes = {
	};
	objectVersion = 55;
	objects = {

/* Begin PBXBuildFile section */
		9AA330249ACD6C6F067A5A99 /* Pods_Weather_iPhone.framework in Frameworks */ = {isa = PBXBuildFile; fileRef = 4F3B587B7D6FA0E3B2138233 /* Pods_Weather_iPhone.framework */; };
		B65360D72834CD440057981C /* AppDelegate.swift in Sources */ = {isa = PBXBuildFile; fileRef = B65360D62834CD440057981C /* AppDelegate.swift */; };
		B65360D92834CD440057981C /* SceneDelegate.swift in Sources */ = {isa = PBXBuildFile; fileRef = B65360D82834CD440057981C /* SceneDelegate.swift */; };
		B65360DB2834CD440057981C /* MainViewController.swift in Sources */ = {isa = PBXBuildFile; fileRef = B65360DA2834CD440057981C /* MainViewController.swift */; };
		B65360E02834CD450057981C /* Assets.xcassets in Resources */ = {isa = PBXBuildFile; fileRef = B65360DF2834CD450057981C /* Assets.xcassets */; };
		B65360E32834CD450057981C /* LaunchScreen.storyboard in Resources */ = {isa = PBXBuildFile; fileRef = B65360E12834CD450057981C /* LaunchScreen.storyboard */; };
		DD2450082850AA6E00A7851E /* SubViewController.swift in Sources */ = {isa = PBXBuildFile; fileRef = DD2450072850AA6E00A7851E /* SubViewController.swift */; };
		DDDE497C283E393E00E3E2B0 /* WeatherTableViewCell.swift in Sources */ = {isa = PBXBuildFile; fileRef = DDDE497B283E393E00E3E2B0 /* WeatherTableViewCell.swift */; };
		DDE996802841329D00393550 /* UIButton+Extensions.swift in Sources */ = {isa = PBXBuildFile; fileRef = DDE9967F2841329D00393550 /* UIButton+Extensions.swift */; };
		DDF0AAA2283E6F8300C2BD14 /* Then in Frameworks */ = {isa = PBXBuildFile; productRef = DDF0AAA1283E6F8300C2BD14 /* Then */; };
		DDF0AAA9283F338400C2BD14 /* UILabel+Extensions.swift in Sources */ = {isa = PBXBuildFile; fileRef = DDF0AAA8283F338400C2BD14 /* UILabel+Extensions.swift */; };
/* End PBXBuildFile section */

/* Begin PBXFileReference section */
		4C56C6C6BC611AAEFFB669AB /* Pods-Weather_iPhone.release.xcconfig */ = {isa = PBXFileReference; includeInIndex = 1; lastKnownFileType = text.xcconfig; name = "Pods-Weather_iPhone.release.xcconfig"; path = "Target Support Files/Pods-Weather_iPhone/Pods-Weather_iPhone.release.xcconfig"; sourceTree = "<group>"; };
		4F3B587B7D6FA0E3B2138233 /* Pods_Weather_iPhone.framework */ = {isa = PBXFileReference; explicitFileType = wrapper.framework; includeInIndex = 0; path = Pods_Weather_iPhone.framework; sourceTree = BUILT_PRODUCTS_DIR; };
		72FC32FF9A0D5D79AD4A2675 /* Pods-Weather_iPhone.debug.xcconfig */ = {isa = PBXFileReference; includeInIndex = 1; lastKnownFileType = text.xcconfig; name = "Pods-Weather_iPhone.debug.xcconfig"; path = "Target Support Files/Pods-Weather_iPhone/Pods-Weather_iPhone.debug.xcconfig"; sourceTree = "<group>"; };
		B65360D32834CD440057981C /* Weather_iPhone.app */ = {isa = PBXFileReference; explicitFileType = wrapper.application; includeInIndex = 0; path = Weather_iPhone.app; sourceTree = BUILT_PRODUCTS_DIR; };
		B65360D62834CD440057981C /* AppDelegate.swift */ = {isa = PBXFileReference; lastKnownFileType = sourcecode.swift; path = AppDelegate.swift; sourceTree = "<group>"; };
		B65360D82834CD440057981C /* SceneDelegate.swift */ = {isa = PBXFileReference; lastKnownFileType = sourcecode.swift; path = SceneDelegate.swift; sourceTree = "<group>"; };
		B65360DA2834CD440057981C /* MainViewController.swift */ = {isa = PBXFileReference; lastKnownFileType = sourcecode.swift; path = MainViewController.swift; sourceTree = "<group>"; };
		B65360DF2834CD450057981C /* Assets.xcassets */ = {isa = PBXFileReference; lastKnownFileType = folder.assetcatalog; path = Assets.xcassets; sourceTree = "<group>"; };
		B65360E22834CD450057981C /* Base */ = {isa = PBXFileReference; lastKnownFileType = file.storyboard; name = Base; path = Base.lproj/LaunchScreen.storyboard; sourceTree = "<group>"; };
		B65360E42834CD450057981C /* Info.plist */ = {isa = PBXFileReference; lastKnownFileType = text.plist.xml; path = Info.plist; sourceTree = "<group>"; };
		DD2450072850AA6E00A7851E /* SubViewController.swift */ = {isa = PBXFileReference; lastKnownFileType = sourcecode.swift; path = SubViewController.swift; sourceTree = "<group>"; };
		DDDE497B283E393E00E3E2B0 /* WeatherTableViewCell.swift */ = {isa = PBXFileReference; lastKnownFileType = sourcecode.swift; name = WeatherTableViewCell.swift; path = Weather_iPhone/Sources/View/WeatherTableViewCell.swift; sourceTree = SOURCE_ROOT; };
		DDE9967F2841329D00393550 /* UIButton+Extensions.swift */ = {isa = PBXFileReference; lastKnownFileType = sourcecode.swift; path = "UIButton+Extensions.swift"; sourceTree = "<group>"; };
		DDF0AAA8283F338400C2BD14 /* UILabel+Extensions.swift */ = {isa = PBXFileReference; lastKnownFileType = sourcecode.swift; path = "UILabel+Extensions.swift"; sourceTree = "<group>"; };
/* End PBXFileReference section */

/* Begin PBXFrameworksBuildPhase section */
		B65360D02834CD440057981C /* Frameworks */ = {
			isa = PBXFrameworksBuildPhase;
			buildActionMask = 2147483647;
			files = (
				9AA330249ACD6C6F067A5A99 /* Pods_Weather_iPhone.framework in Frameworks */,
				DDF0AAA2283E6F8300C2BD14 /* Then in Frameworks */,
			);
			runOnlyForDeploymentPostprocessing = 0;
		};
/* End PBXFrameworksBuildPhase section */

/* Begin PBXGroup section */
		0BD1B9A5597E63AB32D19936 /* Frameworks */ = {
			isa = PBXGroup;
			children = (
				4F3B587B7D6FA0E3B2138233 /* Pods_Weather_iPhone.framework */,
			);
			name = Frameworks;
			sourceTree = "<group>";
		};
		5CA69A93C48FB8F3B7737C20 /* Pods */ = {
			isa = PBXGroup;
			children = (
				72FC32FF9A0D5D79AD4A2675 /* Pods-Weather_iPhone.debug.xcconfig */,
				4C56C6C6BC611AAEFFB669AB /* Pods-Weather_iPhone.release.xcconfig */,
			);
			path = Pods;
			sourceTree = "<group>";
		};
		B65360CA2834CD440057981C = {
			isa = PBXGroup;
			children = (
				B65360D52834CD440057981C /* Weather_iPhone */,
				B65360D42834CD440057981C /* Products */,
				5CA69A93C48FB8F3B7737C20 /* Pods */,
				0BD1B9A5597E63AB32D19936 /* Frameworks */,
			);
			sourceTree = "<group>";
		};
		B65360D42834CD440057981C /* Products */ = {
			isa = PBXGroup;
			children = (
				B65360D32834CD440057981C /* Weather_iPhone.app */,
			);
			name = Products;
			sourceTree = "<group>";
		};
		B65360D52834CD440057981C /* Weather_iPhone */ = {
			isa = PBXGroup;
			children = (
				B65360EC2834CD5F0057981C /* Applications */,
				B65360EB2834CD570057981C /* Resources */,
				B65360EA2834CD500057981C /* Sources */,
			);
			path = Weather_iPhone;
			sourceTree = "<group>";
		};
		B65360EA2834CD500057981C /* Sources */ = {
			isa = PBXGroup;
			children = (
				DDBF26662848D12C00E06329 /* View */,
				DDF0AAA7283F336E00C2BD14 /* Utils */,
				B661FEB1283E27900054A26D /* Controller */,
			);
			path = Sources;
			sourceTree = "<group>";
		};
		B65360EB2834CD570057981C /* Resources */ = {
			isa = PBXGroup;
			children = (
				B65360DF2834CD450057981C /* Assets.xcassets */,
			);
			path = Resources;
			sourceTree = "<group>";
		};
		B65360EC2834CD5F0057981C /* Applications */ = {
			isa = PBXGroup;
			children = (
				B65360D62834CD440057981C /* AppDelegate.swift */,
				B65360D82834CD440057981C /* SceneDelegate.swift */,
				B65360E12834CD450057981C /* LaunchScreen.storyboard */,
				B65360E42834CD450057981C /* Info.plist */,
			);
			path = Applications;
			sourceTree = "<group>";
		};
		B661FEB1283E27900054A26D /* Controller */ = {
			isa = PBXGroup;
			children = (
				B65360DA2834CD440057981C /* MainViewController.swift */,
				DD2450072850AA6E00A7851E /* SubViewController.swift */,
			);
			path = Controller;
			sourceTree = "<group>";
		};
		DDBF26662848D12C00E06329 /* View */ = {
			isa = PBXGroup;
			children = (
				DDDE497B283E393E00E3E2B0 /* WeatherTableViewCell.swift */,
			);
			path = View;
			sourceTree = "<group>";
		};
		DDF0AAA7283F336E00C2BD14 /* Utils */ = {
			isa = PBXGroup;
			children = (
				DDF0AAA8283F338400C2BD14 /* UILabel+Extensions.swift */,
				DDE9967F2841329D00393550 /* UIButton+Extensions.swift */,
			);
			path = Utils;
			sourceTree = "<group>";
		};
/* End PBXGroup section */

/* Begin PBXNativeTarget section */
		B65360D22834CD440057981C /* Weather_iPhone */ = {
			isa = PBXNativeTarget;
			buildConfigurationList = B65360E72834CD450057981C /* Build configuration list for PBXNativeTarget "Weather_iPhone" */;
			buildPhases = (
				38DD7E6B951CCE3C0E4D3429 /* [CP] Check Pods Manifest.lock */,
				B65360CF2834CD440057981C /* Sources */,
				B65360D02834CD440057981C /* Frameworks */,
				B65360D12834CD440057981C /* Resources */,
				E05216029B886AA03153D4F1 /* [CP] Embed Pods Frameworks */,
			);
			buildRules = (
			);
			dependencies = (
			);
			name = Weather_iPhone;
			packageProductDependencies = (
				DDF0AAA1283E6F8300C2BD14 /* Then */,
			);
			productName = Weather_iPhone;
			productReference = B65360D32834CD440057981C /* Weather_iPhone.app */;
			productType = "com.apple.product-type.application";
		};
/* End PBXNativeTarget section */

/* Begin PBXProject section */
		B65360CB2834CD440057981C /* Project object */ = {
			isa = PBXProject;
			attributes = {
				BuildIndependentTargetsInParallel = 1;
				LastSwiftUpdateCheck = 1310;
				LastUpgradeCheck = 1310;
				TargetAttributes = {
					B65360D22834CD440057981C = {
						CreatedOnToolsVersion = 13.1;
					};
				};
			};
			buildConfigurationList = B65360CE2834CD440057981C /* Build configuration list for PBXProject "Weather_iPhone" */;
			compatibilityVersion = "Xcode 13.0";
			developmentRegion = en;
			hasScannedForEncodings = 0;
			knownRegions = (
				en,
				Base,
			);
			mainGroup = B65360CA2834CD440057981C;
			packageReferences = (
				DDF0AAA0283E6F8300C2BD14 /* XCRemoteSwiftPackageReference "Then" */,
			);
			productRefGroup = B65360D42834CD440057981C /* Products */;
			projectDirPath = "";
			projectRoot = "";
			targets = (
				B65360D22834CD440057981C /* Weather_iPhone */,
			);
		};
/* End PBXProject section */

/* Begin PBXResourcesBuildPhase section */
		B65360D12834CD440057981C /* Resources */ = {
			isa = PBXResourcesBuildPhase;
			buildActionMask = 2147483647;
			files = (
				B65360E32834CD450057981C /* LaunchScreen.storyboard in Resources */,
				B65360E02834CD450057981C /* Assets.xcassets in Resources */,
			);
			runOnlyForDeploymentPostprocessing = 0;
		};
/* End PBXResourcesBuildPhase section */

/* Begin PBXShellScriptBuildPhase section */
		38DD7E6B951CCE3C0E4D3429 /* [CP] Check Pods Manifest.lock */ = {
			isa = PBXShellScriptBuildPhase;
			buildActionMask = 2147483647;
			files = (
			);
			inputFileListPaths = (
			);
			inputPaths = (
				"${PODS_PODFILE_DIR_PATH}/Podfile.lock",
				"${PODS_ROOT}/Manifest.lock",
			);
			name = "[CP] Check Pods Manifest.lock";
			outputFileListPaths = (
			);
			outputPaths = (
				"$(DERIVED_FILE_DIR)/Pods-Weather_iPhone-checkManifestLockResult.txt",
			);
			runOnlyForDeploymentPostprocessing = 0;
			shellPath = /bin/sh;
			shellScript = "diff \"${PODS_PODFILE_DIR_PATH}/Podfile.lock\" \"${PODS_ROOT}/Manifest.lock\" > /dev/null\nif [ $? != 0 ] ; then\n    # print error to STDERR\n    echo \"error: The sandbox is not in sync with the Podfile.lock. Run 'pod install' or update your CocoaPods installation.\" >&2\n    exit 1\nfi\n# This output is used by Xcode 'outputs' to avoid re-running this script phase.\necho \"SUCCESS\" > \"${SCRIPT_OUTPUT_FILE_0}\"\n";
			showEnvVarsInLog = 0;
		};
		E05216029B886AA03153D4F1 /* [CP] Embed Pods Frameworks */ = {
			isa = PBXShellScriptBuildPhase;
			buildActionMask = 2147483647;
			files = (
			);
			inputFileListPaths = (
				"${PODS_ROOT}/Target Support Files/Pods-Weather_iPhone/Pods-Weather_iPhone-frameworks-${CONFIGURATION}-input-files.xcfilelist",
			);
			name = "[CP] Embed Pods Frameworks";
			outputFileListPaths = (
				"${PODS_ROOT}/Target Support Files/Pods-Weather_iPhone/Pods-Weather_iPhone-frameworks-${CONFIGURATION}-output-files.xcfilelist",
			);
			runOnlyForDeploymentPostprocessing = 0;
			shellPath = /bin/sh;
			shellScript = "\"${PODS_ROOT}/Target Support Files/Pods-Weather_iPhone/Pods-Weather_iPhone-frameworks.sh\"\n";
			showEnvVarsInLog = 0;
		};
/* End PBXShellScriptBuildPhase section */

/* Begin PBXSourcesBuildPhase section */
		B65360CF2834CD440057981C /* Sources */ = {
			isa = PBXSourcesBuildPhase;
			buildActionMask = 2147483647;
			files = (
				DDDE497C283E393E00E3E2B0 /* WeatherTableViewCell.swift in Sources */,
				DDE996802841329D00393550 /* UIButton+Extensions.swift in Sources */,
				DD2450082850AA6E00A7851E /* SubViewController.swift in Sources */,
				DDF0AAA9283F338400C2BD14 /* UILabel+Extensions.swift in Sources */,
				B65360DB2834CD440057981C /* MainViewController.swift in Sources */,
				B65360D72834CD440057981C /* AppDelegate.swift in Sources */,
				B65360D92834CD440057981C /* SceneDelegate.swift in Sources */,
			);
			runOnlyForDeploymentPostprocessing = 0;
		};
/* End PBXSourcesBuildPhase section */

/* Begin PBXVariantGroup section */
		B65360E12834CD450057981C /* LaunchScreen.storyboard */ = {
			isa = PBXVariantGroup;
			children = (
				B65360E22834CD450057981C /* Base */,
			);
			name = LaunchScreen.storyboard;
			sourceTree = "<group>";
		};
/* End PBXVariantGroup section */

/* Begin XCBuildConfiguration section */
		B65360E52834CD450057981C /* Debug */ = {
			isa = XCBuildConfiguration;
			buildSettings = {
				ALWAYS_SEARCH_USER_PATHS = NO;
				CLANG_ANALYZER_NONNULL = YES;
				CLANG_ANALYZER_NUMBER_OBJECT_CONVERSION = YES_AGGRESSIVE;
				CLANG_CXX_LANGUAGE_STANDARD = "gnu++17";
				CLANG_CXX_LIBRARY = "libc++";
				CLANG_ENABLE_MODULES = YES;
				CLANG_ENABLE_OBJC_ARC = YES;
				CLANG_ENABLE_OBJC_WEAK = YES;
				CLANG_WARN_BLOCK_CAPTURE_AUTORELEASING = YES;
				CLANG_WARN_BOOL_CONVERSION = YES;
				CLANG_WARN_COMMA = YES;
				CLANG_WARN_CONSTANT_CONVERSION = YES;
				CLANG_WARN_DEPRECATED_OBJC_IMPLEMENTATIONS = YES;
				CLANG_WARN_DIRECT_OBJC_ISA_USAGE = YES_ERROR;
				CLANG_WARN_DOCUMENTATION_COMMENTS = YES;
				CLANG_WARN_EMPTY_BODY = YES;
				CLANG_WARN_ENUM_CONVERSION = YES;
				CLANG_WARN_INFINITE_RECURSION = YES;
				CLANG_WARN_INT_CONVERSION = YES;
				CLANG_WARN_NON_LITERAL_NULL_CONVERSION = YES;
				CLANG_WARN_OBJC_IMPLICIT_RETAIN_SELF = YES;
				CLANG_WARN_OBJC_LITERAL_CONVERSION = YES;
				CLANG_WARN_OBJC_ROOT_CLASS = YES_ERROR;
				CLANG_WARN_QUOTED_INCLUDE_IN_FRAMEWORK_HEADER = YES;
				CLANG_WARN_RANGE_LOOP_ANALYSIS = YES;
				CLANG_WARN_STRICT_PROTOTYPES = YES;
				CLANG_WARN_SUSPICIOUS_MOVE = YES;
				CLANG_WARN_UNGUARDED_AVAILABILITY = YES_AGGRESSIVE;
				CLANG_WARN_UNREACHABLE_CODE = YES;
				CLANG_WARN__DUPLICATE_METHOD_MATCH = YES;
				COPY_PHASE_STRIP = NO;
				DEBUG_INFORMATION_FORMAT = dwarf;
				ENABLE_STRICT_OBJC_MSGSEND = YES;
				ENABLE_TESTABILITY = YES;
				GCC_C_LANGUAGE_STANDARD = gnu11;
				GCC_DYNAMIC_NO_PIC = NO;
				GCC_NO_COMMON_BLOCKS = YES;
				GCC_OPTIMIZATION_LEVEL = 0;
				GCC_PREPROCESSOR_DEFINITIONS = (
					"DEBUG=1",
					"$(inherited)",
				);
				GCC_WARN_64_TO_32_BIT_CONVERSION = YES;
				GCC_WARN_ABOUT_RETURN_TYPE = YES_ERROR;
				GCC_WARN_UNDECLARED_SELECTOR = YES;
				GCC_WARN_UNINITIALIZED_AUTOS = YES_AGGRESSIVE;
				GCC_WARN_UNUSED_FUNCTION = YES;
				GCC_WARN_UNUSED_VARIABLE = YES;
				IPHONEOS_DEPLOYMENT_TARGET = 15.0;
				MTL_ENABLE_DEBUG_INFO = INCLUDE_SOURCE;
				MTL_FAST_MATH = YES;
				ONLY_ACTIVE_ARCH = YES;
				SDKROOT = iphoneos;
				SWIFT_ACTIVE_COMPILATION_CONDITIONS = DEBUG;
				SWIFT_OPTIMIZATION_LEVEL = "-Onone";
			};
			name = Debug;
		};
		B65360E62834CD450057981C /* Release */ = {
			isa = XCBuildConfiguration;
			buildSettings = {
				ALWAYS_SEARCH_USER_PATHS = NO;
				CLANG_ANALYZER_NONNULL = YES;
				CLANG_ANALYZER_NUMBER_OBJECT_CONVERSION = YES_AGGRESSIVE;
				CLANG_CXX_LANGUAGE_STANDARD = "gnu++17";
				CLANG_CXX_LIBRARY = "libc++";
				CLANG_ENABLE_MODULES = YES;
				CLANG_ENABLE_OBJC_ARC = YES;
				CLANG_ENABLE_OBJC_WEAK = YES;
				CLANG_WARN_BLOCK_CAPTURE_AUTORELEASING = YES;
				CLANG_WARN_BOOL_CONVERSION = YES;
				CLANG_WARN_COMMA = YES;
				CLANG_WARN_CONSTANT_CONVERSION = YES;
				CLANG_WARN_DEPRECATED_OBJC_IMPLEMENTATIONS = YES;
				CLANG_WARN_DIRECT_OBJC_ISA_USAGE = YES_ERROR;
				CLANG_WARN_DOCUMENTATION_COMMENTS = YES;
				CLANG_WARN_EMPTY_BODY = YES;
				CLANG_WARN_ENUM_CONVERSION = YES;
				CLANG_WARN_INFINITE_RECURSION = YES;
				CLANG_WARN_INT_CONVERSION = YES;
				CLANG_WARN_NON_LITERAL_NULL_CONVERSION = YES;
				CLANG_WARN_OBJC_IMPLICIT_RETAIN_SELF = YES;
				CLANG_WARN_OBJC_LITERAL_CONVERSION = YES;
				CLANG_WARN_OBJC_ROOT_CLASS = YES_ERROR;
				CLANG_WARN_QUOTED_INCLUDE_IN_FRAMEWORK_HEADER = YES;
				CLANG_WARN_RANGE_LOOP_ANALYSIS = YES;
				CLANG_WARN_STRICT_PROTOTYPES = YES;
				CLANG_WARN_SUSPICIOUS_MOVE = YES;
				CLANG_WARN_UNGUARDED_AVAILABILITY = YES_AGGRESSIVE;
				CLANG_WARN_UNREACHABLE_CODE = YES;
				CLANG_WARN__DUPLICATE_METHOD_MATCH = YES;
				COPY_PHASE_STRIP = NO;
				DEBUG_INFORMATION_FORMAT = "dwarf-with-dsym";
				ENABLE_NS_ASSERTIONS = NO;
				ENABLE_STRICT_OBJC_MSGSEND = YES;
				GCC_C_LANGUAGE_STANDARD = gnu11;
				GCC_NO_COMMON_BLOCKS = YES;
				GCC_WARN_64_TO_32_BIT_CONVERSION = YES;
				GCC_WARN_ABOUT_RETURN_TYPE = YES_ERROR;
				GCC_WARN_UNDECLARED_SELECTOR = YES;
				GCC_WARN_UNINITIALIZED_AUTOS = YES_AGGRESSIVE;
				GCC_WARN_UNUSED_FUNCTION = YES;
				GCC_WARN_UNUSED_VARIABLE = YES;
				IPHONEOS_DEPLOYMENT_TARGET = 15.0;
				MTL_ENABLE_DEBUG_INFO = NO;
				MTL_FAST_MATH = YES;
				SDKROOT = iphoneos;
				SWIFT_COMPILATION_MODE = wholemodule;
				SWIFT_OPTIMIZATION_LEVEL = "-O";
				VALIDATE_PRODUCT = YES;
			};
			name = Release;
		};
		B65360E82834CD450057981C /* Debug */ = {
			isa = XCBuildConfiguration;
			baseConfigurationReference = 72FC32FF9A0D5D79AD4A2675 /* Pods-Weather_iPhone.debug.xcconfig */;
			buildSettings = {
				ASSETCATALOG_COMPILER_APPICON_NAME = AppIcon;
				ASSETCATALOG_COMPILER_GLOBAL_ACCENT_COLOR_NAME = AccentColor;
				CODE_SIGN_STYLE = Automatic;
				CURRENT_PROJECT_VERSION = 1;
				DEVELOPMENT_TEAM = XK2FZR7MVH;
				GENERATE_INFOPLIST_FILE = YES;
				INFOPLIST_FILE = Weather_iPhone/Applications/Info.plist;
				INFOPLIST_KEY_UIApplicationSupportsIndirectInputEvents = YES;
				INFOPLIST_KEY_UILaunchStoryboardName = LaunchScreen;
				INFOPLIST_KEY_UISupportedInterfaceOrientations_iPad = "UIInterfaceOrientationPortrait UIInterfaceOrientationPortraitUpsideDown UIInterfaceOrientationLandscapeLeft UIInterfaceOrientationLandscapeRight";
				INFOPLIST_KEY_UISupportedInterfaceOrientations_iPhone = "UIInterfaceOrientationPortrait UIInterfaceOrientationLandscapeLeft UIInterfaceOrientationLandscapeRight";
				LD_RUNPATH_SEARCH_PATHS = (
					"$(inherited)",
					"@executable_path/Frameworks",
				);
				MARKETING_VERSION = 1.0;
				PRODUCT_BUNDLE_IDENTIFIER = "netLee.Weather-iPhone";
				PRODUCT_NAME = "$(TARGET_NAME)";
				SWIFT_EMIT_LOC_STRINGS = YES;
				SWIFT_VERSION = 5.0;
				TARGETED_DEVICE_FAMILY = "1,2";
			};
			name = Debug;
		};
		B65360E92834CD450057981C /* Release */ = {
			isa = XCBuildConfiguration;
			baseConfigurationReference = 4C56C6C6BC611AAEFFB669AB /* Pods-Weather_iPhone.release.xcconfig */;
			buildSettings = {
				ASSETCATALOG_COMPILER_APPICON_NAME = AppIcon;
				ASSETCATALOG_COMPILER_GLOBAL_ACCENT_COLOR_NAME = AccentColor;
				CODE_SIGN_STYLE = Automatic;
				CURRENT_PROJECT_VERSION = 1;
				DEVELOPMENT_TEAM = XK2FZR7MVH;
				GENERATE_INFOPLIST_FILE = YES;
				INFOPLIST_FILE = Weather_iPhone/Applications/Info.plist;
				INFOPLIST_KEY_UIApplicationSupportsIndirectInputEvents = YES;
				INFOPLIST_KEY_UILaunchStoryboardName = LaunchScreen;
				INFOPLIST_KEY_UISupportedInterfaceOrientations_iPad = "UIInterfaceOrientationPortrait UIInterfaceOrientationPortraitUpsideDown UIInterfaceOrientationLandscapeLeft UIInterfaceOrientationLandscapeRight";
				INFOPLIST_KEY_UISupportedInterfaceOrientations_iPhone = "UIInterfaceOrientationPortrait UIInterfaceOrientationLandscapeLeft UIInterfaceOrientationLandscapeRight";
				LD_RUNPATH_SEARCH_PATHS = (
					"$(inherited)",
					"@executable_path/Frameworks",
				);
				MARKETING_VERSION = 1.0;
				PRODUCT_BUNDLE_IDENTIFIER = "netLee.Weather-iPhone";
				PRODUCT_NAME = "$(TARGET_NAME)";
				SWIFT_EMIT_LOC_STRINGS = YES;
				SWIFT_VERSION = 5.0;
				TARGETED_DEVICE_FAMILY = "1,2";
			};
			name = Release;
		};
/* End XCBuildConfiguration section */

/* Begin XCConfigurationList section */
		B65360CE2834CD440057981C /* Build configuration list for PBXProject "Weather_iPhone" */ = {
			isa = XCConfigurationList;
			buildConfigurations = (
				B65360E52834CD450057981C /* Debug */,
				B65360E62834CD450057981C /* Release */,
			);
			defaultConfigurationIsVisible = 0;
			defaultConfigurationName = Release;
		};
		B65360E72834CD450057981C /* Build configuration list for PBXNativeTarget "Weather_iPhone" */ = {
			isa = XCConfigurationList;
			buildConfigurations = (
				B65360E82834CD450057981C /* Debug */,
				B65360E92834CD450057981C /* Release */,
			);
			defaultConfigurationIsVisible = 0;
			defaultConfigurationName = Release;
		};
/* End XCConfigurationList section */

/* Begin XCRemoteSwiftPackageReference section */
		DDF0AAA0283E6F8300C2BD14 /* XCRemoteSwiftPackageReference "Then" */ = {
			isa = XCRemoteSwiftPackageReference;
			repositoryURL = "https://github.com/devxoul/Then";
			requirement = {
				kind = upToNextMajorVersion;
				minimumVersion = 3.0.0;
			};
		};
/* End XCRemoteSwiftPackageReference section */

/* Begin XCSwiftPackageProductDependency section */
		DDF0AAA1283E6F8300C2BD14 /* Then */ = {
			isa = XCSwiftPackageProductDependency;
			package = DDF0AAA0283E6F8300C2BD14 /* XCRemoteSwiftPackageReference "Then" */;
			productName = Then;
		};
/* End XCSwiftPackageProductDependency section */
	};
	rootObject = B65360CB2834CD440057981C /* Project object */;
}
